
Microsoft Visual Studio Solution File, Format Version 12.00
# Visual Studio Version 16
VisualStudioVersion = 16.0.31605.320
MinimumVisualStudioVersion = 10.0.40219.1
Project("{9A19103F-16F7-4668-BE54-9A1E7A4F7556}") = "BulkyBook", "BulkyBook\BulkyBook.csproj", "{13806154-6D66-4B0C-A79D-93FC80844576}"
EndProject
Project("{9A19103F-16F7-4668-BE54-9A1E7A4F7556}") = "BulkyBook.DataAccess", "BulkyBook.DataAccess\BulkyBook.DataAccess.csproj", "{072CAC57-42D7-45A4-B04B-D64BDA4BD352}"
EndProject
Project("{9A19103F-16F7-4668-BE54-9A1E7A4F7556}") = "BulkyBook.Models", "BulkyBook.Models\BulkyBook.Models.csproj", "{138DBD10-1A3F-4179-B77D-0C08463CA063}"
EndProject
Project("{9A19103F-16F7-4668-BE54-9A1E7A4F7556}") = "BulkyBook.Utility", "BulkyBook.Utility\BulkyBook.Utility.csproj", "{0364FD78-2B3E-4145-9FDE-7FA894BE8166}"
EndProject
Global
	GlobalSection(SolutionConfigurationPlatforms) = preSolution
		Debug|Any CPU = Debug|Any CPU
		Release|Any CPU = Release|Any CPU
	EndGlobalSection
	GlobalSection(ProjectConfigurationPlatforms) = postSolution
		{13806154-6D66-4B0C-A79D-93FC80844576}.Debug|Any CPU.ActiveCfg = Debug|Any CPU
		{13806154-6D66-4B0C-A79D-93FC80844576}.Debug|Any CPU.Build.0 = Debug|Any CPU
		{13806154-6D66-4B0C-A79D-93FC80844576}.Release|Any CPU.ActiveCfg = Release|Any CPU
		{13806154-6D66-4B0C-A79D-93FC80844576}.Release|Any CPU.Build.0 = Release|Any CPU
		{072CAC57-42D7-45A4-B04B-D64BDA4BD352}.Debug|Any CPU.ActiveCfg = Debug|Any CPU
		{072CAC57-42D7-45A4-B04B-D64BDA4BD352}.Debug|Any CPU.Build.0 = Debug|Any CPU
		{072CAC57-42D7-45A4-B04B-D64BDA4BD352}.Release|Any CPU.ActiveCfg = Release|Any CPU
		{072CAC57-42D7-45A4-B04B-D64BDA4BD352}.Release|Any CPU.Build.0 = Release|Any CPU
		{138DBD10-1A3F-4179-B77D-0C08463CA063}.Debug|Any CPU.ActiveCfg = Debug|Any CPU
		{138DBD10-1A3F-4179-B77D-0C08463CA063}.Debug|Any CPU.Build.0 = Debug|Any CPU
		{138DBD10-1A3F-4179-B77D-0C08463CA063}.Release|Any CPU.ActiveCfg = Release|Any CPU
		{138DBD10-1A3F-4179-B77D-0C08463CA063}.Release|Any CPU.Build.0 = Release|Any CPU
		{0364FD78-2B3E-4145-9FDE-7FA894BE8166}.Debug|Any CPU.ActiveCfg = Debug|Any CPU
		{0364FD78-2B3E-4145-9FDE-7FA894BE8166}.Debug|Any CPU.Build.0 = Debug|Any CPU
		{0364FD78-2B3E-4145-9FDE-7FA894BE8166}.Release|Any CPU.ActiveCfg = Release|Any CPU
		{0364FD78-2B3E-4145-9FDE-7FA894BE8166}.Release|Any CPU.Build.0 = Release|Any CPU
	EndGlobalSection
	GlobalSection(SolutionProperties) = preSolution
		HideSolutionNode = FALSE
	EndGlobalSection
	GlobalSection(ExtensibilityGlobals) = postSolution
		SolutionGuid = {0EC3FB38-AC49-4E2A-A896-8116B0E224F5}
	EndGlobalSection
EndGlobal
